
Microsoft Visual Studio Solution File, Format Version 12.00
# Visual Studio 15
VisualStudioVersion = 15.0.28307.757
MinimumVisualStudioVersion = 10.0.40219.1
Project("{FAE04EC0-301F-11D3-BF4B-00C04F79EFBC}") = "QBConsoleApp", "QBConsoleApp\QBConsoleApp.csproj", "{0BF04E6A-28D5-4F54-AD64-609687F915C4}"
EndProject
Global
	GlobalSection(SolutionConfigurationPlatforms) = preSolution
		Debug|Any CPU = Debug|Any CPU
		Release|Any CPU = Release|Any CPU
	EndGlobalSection
	GlobalSection(ProjectConfigurationPlatforms) = postSolution
		{0BF04E6A-28D5-4F54-AD64-609687F915C4}.Debug|Any CPU.ActiveCfg = Debug|Any CPU
		{0BF04E6A-28D5-4F54-AD64-609687F915C4}.Debug|Any CPU.Build.0 = Debug|Any CPU
		{0BF04E6A-28D5-4F54-AD64-609687F915C4}.Release|Any CPU.ActiveCfg = Release|Any CPU
		{0BF04E6A-28D5-4F54-AD64-609687F915C4}.Release|Any CPU.Build.0 = Release|Any CPU
	EndGlobalSection
	GlobalSection(SolutionProperties) = preSolution
		HideSolutionNode = FALSE
	EndGlobalSection
	GlobalSection(ExtensibilityGlobals) = postSolution
		SolutionGuid = {E958757B-05D8-4B88-90C6-D67521E68F62}
	EndGlobalSection
EndGlobal
